
Microsoft Visual Studio Solution File, Format Version 12.00
# Visual Studio Version 17
VisualStudioVersion = 17.5.002.0
MinimumVisualStudioVersion = 10.0.40219.1
Project("{9A19103F-16F7-4668-BE54-9A1E7A4F7556}") = "PostService", "PostService.csproj", "{1916F117-A40F-4A10-B7B8-491033715528}"
EndProject
Global
	GlobalSection(SolutionConfigurationPlatforms) = preSolution
		Debug|Any CPU = Debug|Any CPU
		Release|Any CPU = Release|Any CPU
	EndGlobalSection
	GlobalSection(ProjectConfigurationPlatforms) = postSolution
		{1916F117-A40F-4A10-B7B8-491033715528}.Debug|Any CPU.ActiveCfg = Debug|Any CPU
		{1916F117-A40F-4A10-B7B8-491033715528}.Debug|Any CPU.Build.0 = Debug|Any CPU
		{1916F117-A40F-4A10-B7B8-491033715528}.Release|Any CPU.ActiveCfg = Release|Any CPU
		{1916F117-A40F-4A10-B7B8-491033715528}.Release|Any CPU.Build.0 = Release|Any CPU
	EndGlobalSection
	GlobalSection(SolutionProperties) = preSolution
		HideSolutionNode = FALSE
	EndGlobalSection
	GlobalSection(ExtensibilityGlobals) = postSolution
		SolutionGuid = {4DD84261-4C11-4B0A-B704-407F2071683D}
	EndGlobalSection
EndGlobal
